
Microsoft Visual Studio Solution File, Format Version 12.00
# Visual Studio Version 16
VisualStudioVersion = 16.0.31112.23
MinimumVisualStudioVersion = 10.0.40219.1
Project("{FAE04EC0-301F-11D3-BF4B-00C04F79EFBC}") = "Firststep", "Firststep\Firststep.csproj", "{1BF69A7B-AC22-44FD-8D30-5EE751B2A1C5}"
EndProject
Global
	GlobalSection(SolutionConfigurationPlatforms) = preSolution
		Debug|Any CPU = Debug|Any CPU
		Release|Any CPU = Release|Any CPU
	EndGlobalSection
	GlobalSection(ProjectConfigurationPlatforms) = postSolution
		{1BF69A7B-AC22-44FD-8D30-5EE751B2A1C5}.Debug|Any CPU.ActiveCfg = Debug|Any CPU
		{1BF69A7B-AC22-44FD-8D30-5EE751B2A1C5}.Debug|Any CPU.Build.0 = Debug|Any CPU
		{1BF69A7B-AC22-44FD-8D30-5EE751B2A1C5}.Release|Any CPU.ActiveCfg = Release|Any CPU
		{1BF69A7B-AC22-44FD-8D30-5EE751B2A1C5}.Release|Any CPU.Build.0 = Release|Any CPU
	EndGlobalSection
	GlobalSection(SolutionProperties) = preSolution
		HideSolutionNode = FALSE
	EndGlobalSection
	GlobalSection(ExtensibilityGlobals) = postSolution
		SolutionGuid = {69FA6CF4-1B4E-4CF1-BF6A-6AA1D9B5F85D}
	EndGlobalSection
EndGlobal
