
Microsoft Visual Studio Solution File, Format Version 12.00
# Visual Studio Version 16
VisualStudioVersion = 16.0.31112.23
MinimumVisualStudioVersion = 10.0.40219.1
Project("{FAE04EC0-301F-11D3-BF4B-00C04F79EFBC}") = "Firststep", "Firststep\Firststep.csproj", "{1BF69A7B-AC22-44FD-8D30-5EE751B2A1C5}"
EndProject
Project("{9A19103F-16F7-4668-BE54-9A1E7A4F7556}") = "001_HelloWorld", "001_HelloWorld\001_HelloWorld.csproj", "{94F1EA0E-10ED-4F86-9FF4-B708D9827CF1}"
EndProject
Project("{FAE04EC0-301F-11D3-BF4B-00C04F79EFBC}") = "002_HelloWorld2", "002_HelloWorld2\002_HelloWorld2.csproj", "{B2782572-47A8-4A62-97A3-ECDF2B4324E8}"
EndProject
Project("{FAE04EC0-301F-11D3-BF4B-00C04F79EFBC}") = "003_HelloWorld3", "003_HelloWorld3\003_HelloWorld3.csproj", "{148ECDC3-0555-4B46-9391-0BFB5B14B25A}"
EndProject
Project("{FAE04EC0-301F-11D3-BF4B-00C04F79EFBC}") = "004_HelloWorld4", "004_HelloWorld4\004_HelloWorld4.csproj", "{E40DDCD4-8334-4086-9295-D23007CF1D06}"
EndProject
Project("{FAE04EC0-301F-11D3-BF4B-00C04F79EFBC}") = "005_HelloWorld5", "005_HelloWorld5\005_HelloWorld5.csproj", "{DC4793D9-9A16-4187-BB32-4C2F8CCBD26F}"
EndProject
Global
	GlobalSection(SolutionConfigurationPlatforms) = preSolution
		Debug|Any CPU = Debug|Any CPU
		Release|Any CPU = Release|Any CPU
	EndGlobalSection
	GlobalSection(ProjectConfigurationPlatforms) = postSolution
		{1BF69A7B-AC22-44FD-8D30-5EE751B2A1C5}.Debug|Any CPU.ActiveCfg = Debug|Any CPU
		{1BF69A7B-AC22-44FD-8D30-5EE751B2A1C5}.Debug|Any CPU.Build.0 = Debug|Any CPU
		{1BF69A7B-AC22-44FD-8D30-5EE751B2A1C5}.Release|Any CPU.ActiveCfg = Release|Any CPU
		{1BF69A7B-AC22-44FD-8D30-5EE751B2A1C5}.Release|Any CPU.Build.0 = Release|Any CPU
		{94F1EA0E-10ED-4F86-9FF4-B708D9827CF1}.Debug|Any CPU.ActiveCfg = Debug|Any CPU
		{94F1EA0E-10ED-4F86-9FF4-B708D9827CF1}.Debug|Any CPU.Build.0 = Debug|Any CPU
		{94F1EA0E-10ED-4F86-9FF4-B708D9827CF1}.Release|Any CPU.ActiveCfg = Release|Any CPU
		{94F1EA0E-10ED-4F86-9FF4-B708D9827CF1}.Release|Any CPU.Build.0 = Release|Any CPU
		{B2782572-47A8-4A62-97A3-ECDF2B4324E8}.Debug|Any CPU.ActiveCfg = Debug|Any CPU
		{B2782572-47A8-4A62-97A3-ECDF2B4324E8}.Debug|Any CPU.Build.0 = Debug|Any CPU
		{B2782572-47A8-4A62-97A3-ECDF2B4324E8}.Release|Any CPU.ActiveCfg = Release|Any CPU
		{B2782572-47A8-4A62-97A3-ECDF2B4324E8}.Release|Any CPU.Build.0 = Release|Any CPU
		{148ECDC3-0555-4B46-9391-0BFB5B14B25A}.Debug|Any CPU.ActiveCfg = Debug|Any CPU
		{148ECDC3-0555-4B46-9391-0BFB5B14B25A}.Debug|Any CPU.Build.0 = Debug|Any CPU
		{148ECDC3-0555-4B46-9391-0BFB5B14B25A}.Release|Any CPU.ActiveCfg = Release|Any CPU
		{148ECDC3-0555-4B46-9391-0BFB5B14B25A}.Release|Any CPU.Build.0 = Release|Any CPU
		{E40DDCD4-8334-4086-9295-D23007CF1D06}.Debug|Any CPU.ActiveCfg = Debug|Any CPU
		{E40DDCD4-8334-4086-9295-D23007CF1D06}.Debug|Any CPU.Build.0 = Debug|Any CPU
		{E40DDCD4-8334-4086-9295-D23007CF1D06}.Release|Any CPU.ActiveCfg = Release|Any CPU
		{E40DDCD4-8334-4086-9295-D23007CF1D06}.Release|Any CPU.Build.0 = Release|Any CPU
		{DC4793D9-9A16-4187-BB32-4C2F8CCBD26F}.Debug|Any CPU.ActiveCfg = Debug|Any CPU
		{DC4793D9-9A16-4187-BB32-4C2F8CCBD26F}.Debug|Any CPU.Build.0 = Debug|Any CPU
		{DC4793D9-9A16-4187-BB32-4C2F8CCBD26F}.Release|Any CPU.ActiveCfg = Release|Any CPU
		{DC4793D9-9A16-4187-BB32-4C2F8CCBD26F}.Release|Any CPU.Build.0 = Release|Any CPU
	EndGlobalSection
	GlobalSection(SolutionProperties) = preSolution
		HideSolutionNode = FALSE
	EndGlobalSection
	GlobalSection(ExtensibilityGlobals) = postSolution
		SolutionGuid = {69FA6CF4-1B4E-4CF1-BF6A-6AA1D9B5F85D}
	EndGlobalSection
EndGlobal
